
Microsoft Visual Studio Solution File, Format Version 12.00
# Visual Studio Version 17
VisualStudioVersion = 17.5.33516.290
MinimumVisualStudioVersion = 10.0.40219.1
Project("{FAE04EC0-301F-11D3-BF4B-00C04F79EFBC}") = "FirstCoreMVCProject", "FirstCoreMVCProject\FirstCoreMVCProject.csproj", "{B408C58F-1D73-4C2C-94F5-602803E86E26}"
EndProject
Global
	GlobalSection(SolutionConfigurationPlatforms) = preSolution
		Debug|Any CPU = Debug|Any CPU
		Release|Any CPU = Release|Any CPU
	EndGlobalSection
	GlobalSection(ProjectConfigurationPlatforms) = postSolution
		{B408C58F-1D73-4C2C-94F5-602803E86E26}.Debug|Any CPU.ActiveCfg = Debug|Any CPU
		{B408C58F-1D73-4C2C-94F5-602803E86E26}.Debug|Any CPU.Build.0 = Debug|Any CPU
		{B408C58F-1D73-4C2C-94F5-602803E86E26}.Release|Any CPU.ActiveCfg = Release|Any CPU
		{B408C58F-1D73-4C2C-94F5-602803E86E26}.Release|Any CPU.Build.0 = Release|Any CPU
	EndGlobalSection
	GlobalSection(SolutionProperties) = preSolution
		HideSolutionNode = FALSE
	EndGlobalSection
	GlobalSection(ExtensibilityGlobals) = postSolution
		SolutionGuid = {0A33F95C-FD7F-4B31-9585-10C25F4C0DE8}
	EndGlobalSection
EndGlobal
