
Microsoft Visual Studio Solution File, Format Version 12.00
# Visual Studio Version 17
VisualStudioVersion = 17.5.33516.290
MinimumVisualStudioVersion = 10.0.40219.1
Project("{FAE04EC0-301F-11D3-BF4B-00C04F79EFBC}") = "GenericsInCSharp", "GenericsInCSharp\GenericsInCSharp.csproj", "{D9D3BECF-AFC1-44D5-BCFD-6401F112ABB0}"
EndProject
Global
	GlobalSection(SolutionConfigurationPlatforms) = preSolution
		Debug|Any CPU = Debug|Any CPU
		Release|Any CPU = Release|Any CPU
	EndGlobalSection
	GlobalSection(ProjectConfigurationPlatforms) = postSolution
		{D9D3BECF-AFC1-44D5-BCFD-6401F112ABB0}.Debug|Any CPU.ActiveCfg = Debug|Any CPU
		{D9D3BECF-AFC1-44D5-BCFD-6401F112ABB0}.Debug|Any CPU.Build.0 = Debug|Any CPU
		{D9D3BECF-AFC1-44D5-BCFD-6401F112ABB0}.Release|Any CPU.ActiveCfg = Release|Any CPU
		{D9D3BECF-AFC1-44D5-BCFD-6401F112ABB0}.Release|Any CPU.Build.0 = Release|Any CPU
	EndGlobalSection
	GlobalSection(SolutionProperties) = preSolution
		HideSolutionNode = FALSE
	EndGlobalSection
	GlobalSection(ExtensibilityGlobals) = postSolution
		SolutionGuid = {C50DC2AE-07F2-4237-9A05-4C63809D2D37}
	EndGlobalSection
EndGlobal
