
Microsoft Visual Studio Solution File, Format Version 12.00
# Visual Studio Version 17
VisualStudioVersion = 17.5.33516.290
MinimumVisualStudioVersion = 10.0.40219.1
Project("{FAE04EC0-301F-11D3-BF4B-00C04F79EFBC}") = "Adv_Final", "Adv_Final\Adv_Final.csproj", "{D5954754-51C7-433B-BEC6-A37B7641B994}"
EndProject
Global
	GlobalSection(SolutionConfigurationPlatforms) = preSolution
		Debug|Any CPU = Debug|Any CPU
		Release|Any CPU = Release|Any CPU
	EndGlobalSection
	GlobalSection(ProjectConfigurationPlatforms) = postSolution
		{D5954754-51C7-433B-BEC6-A37B7641B994}.Debug|Any CPU.ActiveCfg = Debug|Any CPU
		{D5954754-51C7-433B-BEC6-A37B7641B994}.Debug|Any CPU.Build.0 = Debug|Any CPU
		{D5954754-51C7-433B-BEC6-A37B7641B994}.Release|Any CPU.ActiveCfg = Release|Any CPU
		{D5954754-51C7-433B-BEC6-A37B7641B994}.Release|Any CPU.Build.0 = Release|Any CPU
	EndGlobalSection
	GlobalSection(SolutionProperties) = preSolution
		HideSolutionNode = FALSE
	EndGlobalSection
	GlobalSection(ExtensibilityGlobals) = postSolution
		SolutionGuid = {43045823-FC2F-4D0A-B5D5-F67819E6F734}
	EndGlobalSection
EndGlobal
