
Microsoft Visual Studio Solution File, Format Version 12.00
# Visual Studio Version 17
VisualStudioVersion = 17.5.33516.290
MinimumVisualStudioVersion = 10.0.40219.1
Project("{FAE04EC0-301F-11D3-BF4B-00C04F79EFBC}") = "Final_BasicAPI", "Final_BasicAPI\Final_BasicAPI.csproj", "{8D8D8B77-5B90-4FF0-987F-55862728D2A1}"
EndProject
Global
	GlobalSection(SolutionConfigurationPlatforms) = preSolution
		Debug|Any CPU = Debug|Any CPU
		Release|Any CPU = Release|Any CPU
	EndGlobalSection
	GlobalSection(ProjectConfigurationPlatforms) = postSolution
		{8D8D8B77-5B90-4FF0-987F-55862728D2A1}.Debug|Any CPU.ActiveCfg = Debug|Any CPU
		{8D8D8B77-5B90-4FF0-987F-55862728D2A1}.Debug|Any CPU.Build.0 = Debug|Any CPU
		{8D8D8B77-5B90-4FF0-987F-55862728D2A1}.Release|Any CPU.ActiveCfg = Release|Any CPU
		{8D8D8B77-5B90-4FF0-987F-55862728D2A1}.Release|Any CPU.Build.0 = Release|Any CPU
	EndGlobalSection
	GlobalSection(SolutionProperties) = preSolution
		HideSolutionNode = FALSE
	EndGlobalSection
	GlobalSection(ExtensibilityGlobals) = postSolution
		SolutionGuid = {7062C460-434A-426A-B851-BCE325A78D29}
	EndGlobalSection
EndGlobal
