
Microsoft Visual Studio Solution File, Format Version 12.00
# Visual Studio Version 17
VisualStudioVersion = 17.5.33516.290
MinimumVisualStudioVersion = 10.0.40219.1
Project("{FAE04EC0-301F-11D3-BF4B-00C04F79EFBC}") = "DialoguesNotification", "DialoguesNotification.csproj", "{E340B0C6-E73D-41A9-B988-4DE2E749579B}"
EndProject
Global
	GlobalSection(SolutionConfigurationPlatforms) = preSolution
		Debug|Any CPU = Debug|Any CPU
		Release|Any CPU = Release|Any CPU
	EndGlobalSection
	GlobalSection(ProjectConfigurationPlatforms) = postSolution
		{E340B0C6-E73D-41A9-B988-4DE2E749579B}.Debug|Any CPU.ActiveCfg = Debug|Any CPU
		{E340B0C6-E73D-41A9-B988-4DE2E749579B}.Debug|Any CPU.Build.0 = Debug|Any CPU
		{E340B0C6-E73D-41A9-B988-4DE2E749579B}.Release|Any CPU.ActiveCfg = Release|Any CPU
		{E340B0C6-E73D-41A9-B988-4DE2E749579B}.Release|Any CPU.Build.0 = Release|Any CPU
	EndGlobalSection
	GlobalSection(SolutionProperties) = preSolution
		HideSolutionNode = FALSE
	EndGlobalSection
	GlobalSection(ExtensibilityGlobals) = postSolution
		SolutionGuid = {CE1A7B47-1DB3-4703-AEE7-2BC1809EE686}
	EndGlobalSection
EndGlobal
